
Microsoft Visual Studio Solution File, Format Version 12.00
# Visual Studio Version 17
VisualStudioVersion = 17.11.35303.130
MinimumVisualStudioVersion = 10.0.40219.1
Project("{FAE04EC0-301F-11D3-BF4B-00C04F79EFBC}") = "LocalTour.WebApi", "LocalTour.WebApi\LocalTour.WebApi.csproj", "{987066F2-CD78-4B7F-BCDE-54E38BE3E900}"
EndProject
Project("{FAE04EC0-301F-11D3-BF4B-00C04F79EFBC}") = "LocalTour.Data", "LocalTour.Data\LocalTour.Data.csproj", "{348F61C2-1ACE-4C4E-B2A4-0903A6CC1495}"
EndProject
Project("{FAE04EC0-301F-11D3-BF4B-00C04F79EFBC}") = "LocalTour.Domain", "LocalTour.Domain\LocalTour.Domain.csproj", "{B73461DD-9015-428A-9141-EF215FDFB613}"
EndProject
Project("{FAE04EC0-301F-11D3-BF4B-00C04F79EFBC}") = "LocalTour.Infrastructure", "LocalTour.Infrastructure\LocalTour.Infrastructure.csproj", "{C8F6E27C-45D0-4BFE-870F-183B1025E4A7}"
EndProject
Project("{FAE04EC0-301F-11D3-BF4B-00C04F79EFBC}") = "LocalTour.Services", "LocalTour.Services\LocalTour.Services.csproj", "{F17F010F-C2B1-4780-9C7D-C6CBD5001899}"
EndProject
Global
	GlobalSection(SolutionConfigurationPlatforms) = preSolution
		Debug|Any CPU = Debug|Any CPU
		Release|Any CPU = Release|Any CPU
	EndGlobalSection
	GlobalSection(ProjectConfigurationPlatforms) = postSolution
		{987066F2-CD78-4B7F-BCDE-54E38BE3E900}.Debug|Any CPU.ActiveCfg = Debug|Any CPU
		{987066F2-CD78-4B7F-BCDE-54E38BE3E900}.Debug|Any CPU.Build.0 = Debug|Any CPU
		{987066F2-CD78-4B7F-BCDE-54E38BE3E900}.Release|Any CPU.ActiveCfg = Release|Any CPU
		{987066F2-CD78-4B7F-BCDE-54E38BE3E900}.Release|Any CPU.Build.0 = Release|Any CPU
		{348F61C2-1ACE-4C4E-B2A4-0903A6CC1495}.Debug|Any CPU.ActiveCfg = Debug|Any CPU
		{348F61C2-1ACE-4C4E-B2A4-0903A6CC1495}.Debug|Any CPU.Build.0 = Debug|Any CPU
		{348F61C2-1ACE-4C4E-B2A4-0903A6CC1495}.Release|Any CPU.ActiveCfg = Release|Any CPU
		{348F61C2-1ACE-4C4E-B2A4-0903A6CC1495}.Release|Any CPU.Build.0 = Release|Any CPU
		{B73461DD-9015-428A-9141-EF215FDFB613}.Debug|Any CPU.ActiveCfg = Debug|Any CPU
		{B73461DD-9015-428A-9141-EF215FDFB613}.Debug|Any CPU.Build.0 = Debug|Any CPU
		{B73461DD-9015-428A-9141-EF215FDFB613}.Release|Any CPU.ActiveCfg = Release|Any CPU
		{B73461DD-9015-428A-9141-EF215FDFB613}.Release|Any CPU.Build.0 = Release|Any CPU
		{C8F6E27C-45D0-4BFE-870F-183B1025E4A7}.Debug|Any CPU.ActiveCfg = Debug|Any CPU
		{C8F6E27C-45D0-4BFE-870F-183B1025E4A7}.Debug|Any CPU.Build.0 = Debug|Any CPU
		{C8F6E27C-45D0-4BFE-870F-183B1025E4A7}.Release|Any CPU.ActiveCfg = Release|Any CPU
		{C8F6E27C-45D0-4BFE-870F-183B1025E4A7}.Release|Any CPU.Build.0 = Release|Any CPU
		{F17F010F-C2B1-4780-9C7D-C6CBD5001899}.Debug|Any CPU.ActiveCfg = Debug|Any CPU
		{F17F010F-C2B1-4780-9C7D-C6CBD5001899}.Debug|Any CPU.Build.0 = Debug|Any CPU
		{F17F010F-C2B1-4780-9C7D-C6CBD5001899}.Release|Any CPU.ActiveCfg = Release|Any CPU
		{F17F010F-C2B1-4780-9C7D-C6CBD5001899}.Release|Any CPU.Build.0 = Release|Any CPU
	EndGlobalSection
	GlobalSection(SolutionProperties) = preSolution
		HideSolutionNode = FALSE
	EndGlobalSection
	GlobalSection(ExtensibilityGlobals) = postSolution
		SolutionGuid = {72534F8A-076A-434A-8DFB-405E3FEEDB92}
	EndGlobalSection
EndGlobal
